
Microsoft Visual Studio Solution File, Format Version 12.00
# Visual Studio Version 17
VisualStudioVersion = 17.7.34221.43
MinimumVisualStudioVersion = 10.0.40219.1
Project("{9A19103F-16F7-4668-BE54-9A1E7A4F7556}") = "TicketApp", "TicketApp\TicketApp.csproj", "{1F55292C-D1DF-42B9-BF39-59587C68138C}"
EndProject
Project("{FAE04EC0-301F-11D3-BF4B-00C04F79EFBC}") = "TicketAppTest", "TicketAppTest\TicketAppTest.csproj", "{91FA1E7D-8C9A-4C57-A11E-F8AB6DE35059}"
EndProject
Global
	GlobalSection(SolutionConfigurationPlatforms) = preSolution
		Debug|Any CPU = Debug|Any CPU
		Release|Any CPU = Release|Any CPU
	EndGlobalSection
	GlobalSection(ProjectConfigurationPlatforms) = postSolution
		{1F55292C-D1DF-42B9-BF39-59587C68138C}.Debug|Any CPU.ActiveCfg = Debug|Any CPU
		{1F55292C-D1DF-42B9-BF39-59587C68138C}.Debug|Any CPU.Build.0 = Debug|Any CPU
		{1F55292C-D1DF-42B9-BF39-59587C68138C}.Release|Any CPU.ActiveCfg = Release|Any CPU
		{1F55292C-D1DF-42B9-BF39-59587C68138C}.Release|Any CPU.Build.0 = Release|Any CPU
		{91FA1E7D-8C9A-4C57-A11E-F8AB6DE35059}.Debug|Any CPU.ActiveCfg = Debug|Any CPU
		{91FA1E7D-8C9A-4C57-A11E-F8AB6DE35059}.Debug|Any CPU.Build.0 = Debug|Any CPU
		{91FA1E7D-8C9A-4C57-A11E-F8AB6DE35059}.Release|Any CPU.ActiveCfg = Release|Any CPU
		{91FA1E7D-8C9A-4C57-A11E-F8AB6DE35059}.Release|Any CPU.Build.0 = Release|Any CPU
	EndGlobalSection
	GlobalSection(SolutionProperties) = preSolution
		HideSolutionNode = FALSE
	EndGlobalSection
	GlobalSection(ExtensibilityGlobals) = postSolution
		SolutionGuid = {3F7B48A9-C426-4812-A825-DFB81CF2F507}
	EndGlobalSection
EndGlobal
